
Microsoft Visual Studio Solution File, Format Version 12.00
# Visual Studio Version 16
VisualStudioVersion = 16.0.30011.22
MinimumVisualStudioVersion = 10.0.40219.1
Project("{FAE04EC0-301F-11D3-BF4B-00C04F79EFBC}") = "OpenCVHelper", "OpenCVHelper\OpenCVHelper.csproj", "{42CB5950-19AA-44DB-9948-91AEC4FE629F}"
EndProject
Global
	GlobalSection(SolutionConfigurationPlatforms) = preSolution
		Debug|Any CPU = Debug|Any CPU
		Release|Any CPU = Release|Any CPU
	EndGlobalSection
	GlobalSection(ProjectConfigurationPlatforms) = postSolution
		{42CB5950-19AA-44DB-9948-91AEC4FE629F}.Debug|Any CPU.ActiveCfg = Debug|Any CPU
		{42CB5950-19AA-44DB-9948-91AEC4FE629F}.Debug|Any CPU.Build.0 = Debug|Any CPU
		{42CB5950-19AA-44DB-9948-91AEC4FE629F}.Release|Any CPU.ActiveCfg = Release|Any CPU
		{42CB5950-19AA-44DB-9948-91AEC4FE629F}.Release|Any CPU.Build.0 = Release|Any CPU
	EndGlobalSection
	GlobalSection(SolutionProperties) = preSolution
		HideSolutionNode = FALSE
	EndGlobalSection
	GlobalSection(ExtensibilityGlobals) = postSolution
		SolutionGuid = {5A13000A-0B90-44DB-9DC9-59144D62DF47}
	EndGlobalSection
EndGlobal
